{
  "name": "part2v4",
  "version": "1.0.0",
  "lockfileVersion": 3,
  "requires": true,
  "packages": {
    "": {
      "name": "part2v4",
      "version": "1.0.0",
      "license": "ISC",
      "devDependencies": {
        "task9-part2": "^1.0.4"
      }
    },
    "node_modules/task9-part2": {
      "version": "1.0.7",
      "resolved": "https://registry.npmjs.org/task9-part2/-/task9-part2-1.0.7.tgz",
      "integrity": "sha512-Y5IDBiQnCq+KdPLX5AXMG4SlwyzYkvRJhZdMBnScuMTLZ2IMcRZOQIP+ekbh87E1Np8u17rwCfH9fpy7cK1kXA==",
      "dev": true
    }
  }
}
